// !$*UTF8*$!
{
	archiveVersion = 1;
	classes = {
	};
	objectVersion = 55;
	objects = {

/* Begin PBXBuildFile section */
		84504670274AC0A7006E7C5E /* AppDelegate.swift in Sources */ = {isa = PBXBuildFile; fileRef = 8450466F274AC0A7006E7C5E /* AppDelegate.swift */; };
		84504672274AC0A7006E7C5E /* ViewController.swift in Sources */ = {isa = PBXBuildFile; fileRef = 84504671274AC0A7006E7C5E /* ViewController.swift */; };
		84504674274AC0A8006E7C5E /* Assets.xcassets in Resources */ = {isa = PBXBuildFile; fileRef = 84504673274AC0A8006E7C5E /* Assets.xcassets */; };
		84504677274AC0A8006E7C5E /* Main.storyboard in Resources */ = {isa = PBXBuildFile; fileRef = 84504675274AC0A8006E7C5E /* Main.storyboard */; };
		84FA4302274AC20E00866672 /* Request.swift in Sources */ = {isa = PBXBuildFile; fileRef = 84FA4300274AC20E00866672 /* Request.swift */; };
		84FA4303274AC20E00866672 /* Node.swift in Sources */ = {isa = PBXBuildFile; fileRef = 84FA4301274AC20E00866672 /* Node.swift */; };
		84FA4305274AC25B00866672 /* Emulation.swift in Sources */ = {isa = PBXBuildFile; fileRef = 84FA4304274AC25B00866672 /* Emulation.swift */; };
		84FA4309274AC44100866672 /* Constants.swift in Sources */ = {isa = PBXBuildFile; fileRef = 84FA4308274AC44100866672 /* Constants.swift */; };
/* End PBXBuildFile section */

/* Begin PBXFileReference section */
		8450466C274AC0A7006E7C5E /* SingleChannel.app */ = {isa = PBXFileReference; explicitFileType = wrapper.application; includeInIndex = 0; name = SingleChannel.app; path = /Users/admin/Documents/GitHub/SingleChannel/SingleChannel/build/Debug/SingleChannel.app; sourceTree = "<absolute>"; };
		8450466F274AC0A7006E7C5E /* AppDelegate.swift */ = {isa = PBXFileReference; lastKnownFileType = sourcecode.swift; path = AppDelegate.swift; sourceTree = "<group>"; };
		84504671274AC0A7006E7C5E /* ViewController.swift */ = {isa = PBXFileReference; lastKnownFileType = sourcecode.swift; path = ViewController.swift; sourceTree = "<group>"; };
		84504673274AC0A8006E7C5E /* Assets.xcassets */ = {isa = PBXFileReference; lastKnownFileType = folder.assetcatalog; path = Assets.xcassets; sourceTree = "<group>"; };
		84504676274AC0A8006E7C5E /* Base */ = {isa = PBXFileReference; lastKnownFileType = file.storyboard; name = Base; path = Base.lproj/Main.storyboard; sourceTree = "<group>"; };
		84504678274AC0A8006E7C5E /* SingleChannel.entitlements */ = {isa = PBXFileReference; lastKnownFileType = text.plist.entitlements; path = SingleChannel.entitlements; sourceTree = "<group>"; };
		84FA4300274AC20E00866672 /* Request.swift */ = {isa = PBXFileReference; fileEncoding = 4; lastKnownFileType = sourcecode.swift; path = Request.swift; sourceTree = "<group>"; };
		84FA4301274AC20E00866672 /* Node.swift */ = {isa = PBXFileReference; fileEncoding = 4; lastKnownFileType = sourcecode.swift; path = Node.swift; sourceTree = "<group>"; };
		84FA4304274AC25B00866672 /* Emulation.swift */ = {isa = PBXFileReference; fileEncoding = 4; lastKnownFileType = sourcecode.swift; path = Emulation.swift; sourceTree = "<group>"; };
		84FA4308274AC44100866672 /* Constants.swift */ = {isa = PBXFileReference; fileEncoding = 4; lastKnownFileType = sourcecode.swift; path = Constants.swift; sourceTree = "<group>"; };
/* End PBXFileReference section */

/* Begin PBXFrameworksBuildPhase section */
		84504669274AC0A7006E7C5E /* Frameworks */ = {
			isa = PBXFrameworksBuildPhase;
			buildActionMask = 2147483647;
			files = (
			);
			runOnlyForDeploymentPostprocessing = 0;
		};
/* End PBXFrameworksBuildPhase section */

/* Begin PBXGroup section */
		84504663274AC0A7006E7C5E = {
			isa = PBXGroup;
			children = (
				8450467E274AC16C006E7C5E /* Model */,
				8450466E274AC0A7006E7C5E /* SingleChannel */,
			);
			sourceTree = "<group>";
		};
		8450466E274AC0A7006E7C5E /* SingleChannel */ = {
			isa = PBXGroup;
			children = (
				8450466F274AC0A7006E7C5E /* AppDelegate.swift */,
				84504671274AC0A7006E7C5E /* ViewController.swift */,
				84504673274AC0A8006E7C5E /* Assets.xcassets */,
				84504675274AC0A8006E7C5E /* Main.storyboard */,
				84504678274AC0A8006E7C5E /* SingleChannel.entitlements */,
			);
			path = SingleChannel;
			sourceTree = "<group>";
		};
		8450467E274AC16C006E7C5E /* Model */ = {
			isa = PBXGroup;
			children = (
				84FA4308274AC44100866672 /* Constants.swift */,
				84FA4304274AC25B00866672 /* Emulation.swift */,
				84FA4301274AC20E00866672 /* Node.swift */,
				84FA4300274AC20E00866672 /* Request.swift */,
			);
			path = Model;
			sourceTree = "<group>";
		};
/* End PBXGroup section */

/* Begin PBXNativeTarget section */
		8450466B274AC0A7006E7C5E /* SingleChannel */ = {
			isa = PBXNativeTarget;
			buildConfigurationList = 8450467B274AC0A8006E7C5E /* Build configuration list for PBXNativeTarget "SingleChannel" */;
			buildPhases = (
				84504668274AC0A7006E7C5E /* Sources */,
				84504669274AC0A7006E7C5E /* Frameworks */,
				8450466A274AC0A7006E7C5E /* Resources */,
			);
			buildRules = (
			);
			dependencies = (
			);
			name = SingleChannel;
			productName = SingleChannel;
			productReference = 8450466C274AC0A7006E7C5E /* SingleChannel.app */;
			productType = "com.apple.product-type.application";
		};
/* End PBXNativeTarget section */

/* Begin PBXProject section */
		84504664274AC0A7006E7C5E /* Project object */ = {
			isa = PBXProject;
			attributes = {
				BuildIndependentTargetsInParallel = 1;
				LastSwiftUpdateCheck = 1310;
				LastUpgradeCheck = 1310;
				TargetAttributes = {
					8450466B274AC0A7006E7C5E = {
						CreatedOnToolsVersion = 13.1;
					};
				};
			};
			buildConfigurationList = 84504667274AC0A7006E7C5E /* Build configuration list for PBXProject "SingleChannel" */;
			compatibilityVersion = "Xcode 13.0";
			developmentRegion = en;
			hasScannedForEncodings = 0;
			knownRegions = (
				en,
				Base,
			);
			mainGroup = 84504663274AC0A7006E7C5E;
			productRefGroup = 84504663274AC0A7006E7C5E;
			projectDirPath = "";
			projectRoot = "";
			targets = (
				8450466B274AC0A7006E7C5E /* SingleChannel */,
			);
		};
/* End PBXProject section */

/* Begin PBXResourcesBuildPhase section */
		8450466A274AC0A7006E7C5E /* Resources */ = {
			isa = PBXResourcesBuildPhase;
			buildActionMask = 2147483647;
			files = (
				84504674274AC0A8006E7C5E /* Assets.xcassets in Resources */,
				84504677274AC0A8006E7C5E /* Main.storyboard in Resources */,
			);
			runOnlyForDeploymentPostprocessing = 0;
		};
/* End PBXResourcesBuildPhase section */

/* Begin PBXSourcesBuildPhase section */
		84504668274AC0A7006E7C5E /* Sources */ = {
			isa = PBXSourcesBuildPhase;
			buildActionMask = 2147483647;
			files = (
				84504672274AC0A7006E7C5E /* ViewController.swift in Sources */,
				84FA4302274AC20E00866672 /* Request.swift in Sources */,
				84504670274AC0A7006E7C5E /* AppDelegate.swift in Sources */,
				84FA4309274AC44100866672 /* Constants.swift in Sources */,
				84FA4303274AC20E00866672 /* Node.swift in Sources */,
				84FA4305274AC25B00866672 /* Emulation.swift in Sources */,
			);
			runOnlyForDeploymentPostprocessing = 0;
		};
/* End PBXSourcesBuildPhase section */

/* Begin PBXVariantGroup section */
		84504675274AC0A8006E7C5E /* Main.storyboard */ = {
			isa = PBXVariantGroup;
			children = (
				84504676274AC0A8006E7C5E /* Base */,
			);
			name = Main.storyboard;
			sourceTree = "<group>";
		};
/* End PBXVariantGroup section */

/* Begin XCBuildConfiguration section */
		84504679274AC0A8006E7C5E /* Debug */ = {
			isa = XCBuildConfiguration;
			buildSettings = {
				ALWAYS_SEARCH_USER_PATHS = NO;
				CLANG_ANALYZER_NONNULL = YES;
				CLANG_ANALYZER_NUMBER_OBJECT_CONVERSION = YES_AGGRESSIVE;
				CLANG_CXX_LANGUAGE_STANDARD = "gnu++17";
				CLANG_CXX_LIBRARY = "libc++";
				CLANG_ENABLE_MODULES = YES;
				CLANG_ENABLE_OBJC_ARC = YES;
				CLANG_ENABLE_OBJC_WEAK = YES;
				CLANG_WARN_BLOCK_CAPTURE_AUTORELEASING = YES;
				CLANG_WARN_BOOL_CONVERSION = YES;
				CLANG_WARN_COMMA = YES;
				CLANG_WARN_CONSTANT_CONVERSION = YES;
				CLANG_WARN_DEPRECATED_OBJC_IMPLEMENTATIONS = YES;
				CLANG_WARN_DIRECT_OBJC_ISA_USAGE = YES_ERROR;
				CLANG_WARN_DOCUMENTATION_COMMENTS = YES;
				CLANG_WARN_EMPTY_BODY = YES;
				CLANG_WARN_ENUM_CONVERSION = YES;
				CLANG_WARN_INFINITE_RECURSION = YES;
				CLANG_WARN_INT_CONVERSION = YES;
				CLANG_WARN_NON_LITERAL_NULL_CONVERSION = YES;
				CLANG_WARN_OBJC_IMPLICIT_RETAIN_SELF = YES;
				CLANG_WARN_OBJC_LITERAL_CONVERSION = YES;
				CLANG_WARN_OBJC_ROOT_CLASS = YES_ERROR;
				CLANG_WARN_QUOTED_INCLUDE_IN_FRAMEWORK_HEADER = YES;
				CLANG_WARN_RANGE_LOOP_ANALYSIS = YES;
				CLANG_WARN_STRICT_PROTOTYPES = YES;
				CLANG_WARN_SUSPICIOUS_MOVE = YES;
				CLANG_WARN_UNGUARDED_AVAILABILITY = YES_AGGRESSIVE;
				CLANG_WARN_UNREACHABLE_CODE = YES;
				CLANG_WARN__DUPLICATE_METHOD_MATCH = YES;
				COPY_PHASE_STRIP = NO;
				DEBUG_INFORMATION_FORMAT = dwarf;
				ENABLE_STRICT_OBJC_MSGSEND = YES;
				ENABLE_TESTABILITY = YES;
				GCC_C_LANGUAGE_STANDARD = gnu11;
				GCC_DYNAMIC_NO_PIC = NO;
				GCC_NO_COMMON_BLOCKS = YES;
				GCC_OPTIMIZATION_LEVEL = 0;
				GCC_PREPROCESSOR_DEFINITIONS = (
					"DEBUG=1",
					"$(inherited)",
				);
				GCC_WARN_64_TO_32_BIT_CONVERSION = YES;
				GCC_WARN_ABOUT_RETURN_TYPE = YES_ERROR;
				GCC_WARN_UNDECLARED_SELECTOR = YES;
				GCC_WARN_UNINITIALIZED_AUTOS = YES_AGGRESSIVE;
				GCC_WARN_UNUSED_FUNCTION = YES;
				GCC_WARN_UNUSED_VARIABLE = YES;
				MACOSX_DEPLOYMENT_TARGET = 12.0;
				MTL_ENABLE_DEBUG_INFO = INCLUDE_SOURCE;
				MTL_FAST_MATH = YES;
				ONLY_ACTIVE_ARCH = YES;
				SDKROOT = macosx;
				SWIFT_ACTIVE_COMPILATION_CONDITIONS = DEBUG;
				SWIFT_OPTIMIZATION_LEVEL = "-Onone";
			};
			name = Debug;
		};
		8450467A274AC0A8006E7C5E /* Release */ = {
			isa = XCBuildConfiguration;
			buildSettings = {
				ALWAYS_SEARCH_USER_PATHS = NO;
				CLANG_ANALYZER_NONNULL = YES;
				CLANG_ANALYZER_NUMBER_OBJECT_CONVERSION = YES_AGGRESSIVE;
				CLANG_CXX_LANGUAGE_STANDARD = "gnu++17";
				CLANG_CXX_LIBRARY = "libc++";
				CLANG_ENABLE_MODULES = YES;
				CLANG_ENABLE_OBJC_ARC = YES;
				CLANG_ENABLE_OBJC_WEAK = YES;
				CLANG_WARN_BLOCK_CAPTURE_AUTORELEASING = YES;
				CLANG_WARN_BOOL_CONVERSION = YES;
				CLANG_WARN_COMMA = YES;
				CLANG_WARN_CONSTANT_CONVERSION = YES;
				CLANG_WARN_DEPRECATED_OBJC_IMPLEMENTATIONS = YES;
				CLANG_WARN_DIRECT_OBJC_ISA_USAGE = YES_ERROR;
				CLANG_WARN_DOCUMENTATION_COMMENTS = YES;
				CLANG_WARN_EMPTY_BODY = YES;
				CLANG_WARN_ENUM_CONVERSION = YES;
				CLANG_WARN_INFINITE_RECURSION = YES;
				CLANG_WARN_INT_CONVERSION = YES;
				CLANG_WARN_NON_LITERAL_NULL_CONVERSION = YES;
				CLANG_WARN_OBJC_IMPLICIT_RETAIN_SELF = YES;
				CLANG_WARN_OBJC_LITERAL_CONVERSION = YES;
				CLANG_WARN_OBJC_ROOT_CLASS = YES_ERROR;
				CLANG_WARN_QUOTED_INCLUDE_IN_FRAMEWORK_HEADER = YES;
				CLANG_WARN_RANGE_LOOP_ANALYSIS = YES;
				CLANG_WARN_STRICT_PROTOTYPES = YES;
				CLANG_WARN_SUSPICIOUS_MOVE = YES;
				CLANG_WARN_UNGUARDED_AVAILABILITY = YES_AGGRESSIVE;
				CLANG_WARN_UNREACHABLE_CODE = YES;
				CLANG_WARN__DUPLICATE_METHOD_MATCH = YES;
				COPY_PHASE_STRIP = NO;
				DEBUG_INFORMATION_FORMAT = "dwarf-with-dsym";
				ENABLE_NS_ASSERTIONS = NO;
				ENABLE_STRICT_OBJC_MSGSEND = YES;
				GCC_C_LANGUAGE_STANDARD = gnu11;
				GCC_NO_COMMON_BLOCKS = YES;
				GCC_WARN_64_TO_32_BIT_CONVERSION = YES;
				GCC_WARN_ABOUT_RETURN_TYPE = YES_ERROR;
				GCC_WARN_UNDECLARED_SELECTOR = YES;
				GCC_WARN_UNINITIALIZED_AUTOS = YES_AGGRESSIVE;
				GCC_WARN_UNUSED_FUNCTION = YES;
				GCC_WARN_UNUSED_VARIABLE = YES;
				MACOSX_DEPLOYMENT_TARGET = 12.0;
				MTL_ENABLE_DEBUG_INFO = NO;
				MTL_FAST_MATH = YES;
				SDKROOT = macosx;
				SWIFT_COMPILATION_MODE = wholemodule;
				SWIFT_OPTIMIZATION_LEVEL = "-O";
			};
			name = Release;
		};
		8450467C274AC0A8006E7C5E /* Debug */ = {
			isa = XCBuildConfiguration;
			buildSettings = {
				ASSETCATALOG_COMPILER_APPICON_NAME = AppIcon;
				ASSETCATALOG_COMPILER_GLOBAL_ACCENT_COLOR_NAME = AccentColor;
				CODE_SIGN_ENTITLEMENTS = SingleChannel/SingleChannel.entitlements;
				CODE_SIGN_STYLE = Automatic;
				COMBINE_HIDPI_IMAGES = YES;
				CURRENT_PROJECT_VERSION = 1;
				GENERATE_INFOPLIST_FILE = YES;
				INFOPLIST_KEY_NSHumanReadableCopyright = "";
				INFOPLIST_KEY_NSMainStoryboardFile = Main;
				INFOPLIST_KEY_NSPrincipalClass = NSApplication;
				LD_RUNPATH_SEARCH_PATHS = (
					"$(inherited)",
					"@executable_path/../Frameworks",
				);
				MARKETING_VERSION = 1.0;
				PRODUCT_BUNDLE_IDENTIFIER = com.example.SingleChannel;
				PRODUCT_NAME = "$(TARGET_NAME)";
				SWIFT_EMIT_LOC_STRINGS = YES;
				SWIFT_VERSION = 5.0;
			};
			name = Debug;
		};
		8450467D274AC0A8006E7C5E /* Release */ = {
			isa = XCBuildConfiguration;
			buildSettings = {
				ASSETCATALOG_COMPILER_APPICON_NAME = AppIcon;
				ASSETCATALOG_COMPILER_GLOBAL_ACCENT_COLOR_NAME = AccentColor;
				CODE_SIGN_ENTITLEMENTS = SingleChannel/SingleChannel.entitlements;
				CODE_SIGN_STYLE = Automatic;
				COMBINE_HIDPI_IMAGES = YES;
				CURRENT_PROJECT_VERSION = 1;
				GENERATE_INFOPLIST_FILE = YES;
				INFOPLIST_KEY_NSHumanReadableCopyright = "";
				INFOPLIST_KEY_NSMainStoryboardFile = Main;
				INFOPLIST_KEY_NSPrincipalClass = NSApplication;
				LD_RUNPATH_SEARCH_PATHS = (
					"$(inherited)",
					"@executable_path/../Frameworks",
				);
				MARKETING_VERSION = 1.0;
				PRODUCT_BUNDLE_IDENTIFIER = com.example.SingleChannel;
				PRODUCT_NAME = "$(TARGET_NAME)";
				SWIFT_EMIT_LOC_STRINGS = YES;
				SWIFT_VERSION = 5.0;
			};
			name = Release;
		};
/* End XCBuildConfiguration section */

/* Begin XCConfigurationList section */
		84504667274AC0A7006E7C5E /* Build configuration list for PBXProject "SingleChannel" */ = {
			isa = XCConfigurationList;
			buildConfigurations = (
				84504679274AC0A8006E7C5E /* Debug */,
				8450467A274AC0A8006E7C5E /* Release */,
			);
			defaultConfigurationIsVisible = 0;
			defaultConfigurationName = Release;
		};
		8450467B274AC0A8006E7C5E /* Build configuration list for PBXNativeTarget "SingleChannel" */ = {
			isa = XCConfigurationList;
			buildConfigurations = (
				8450467C274AC0A8006E7C5E /* Debug */,
				8450467D274AC0A8006E7C5E /* Release */,
			);
			defaultConfigurationIsVisible = 0;
			defaultConfigurationName = Release;
		};
/* End XCConfigurationList section */
	};
	rootObject = 84504664274AC0A7006E7C5E /* Project object */;
}
